
Microsoft Visual Studio Solution File, Format Version 12.00
# Visual Studio Version 17
VisualStudioVersion = 17.14.36717.8
MinimumVisualStudioVersion = 10.0.40219.1
Project("{FAE04EC0-301F-11D3-BF4B-00C04F79EFBC}") = "MLCCInspectionMC", "MLCCInspectionMC.csproj", "{3A996DA4-892E-4E28-BDA4-11EB44EB272F}"
EndProject
Global
	GlobalSection(SolutionConfigurationPlatforms) = preSolution
		Debug|Any CPU = Debug|Any CPU
		Debug|x64 = Debug|x64
		Release|Any CPU = Release|Any CPU
		Release|x64 = Release|x64
	EndGlobalSection
	GlobalSection(ProjectConfigurationPlatforms) = postSolution
		{3A996DA4-892E-4E28-BDA4-11EB44EB272F}.Debug|Any CPU.ActiveCfg = Debug|Any CPU
		{3A996DA4-892E-4E28-BDA4-11EB44EB272F}.Debug|Any CPU.Build.0 = Debug|Any CPU
		{3A996DA4-892E-4E28-BDA4-11EB44EB272F}.Debug|x64.ActiveCfg = Debug|x64
		{3A996DA4-892E-4E28-BDA4-11EB44EB272F}.Debug|x64.Build.0 = Debug|x64
		{3A996DA4-892E-4E28-BDA4-11EB44EB272F}.Release|Any CPU.ActiveCfg = Release|Any CPU
		{3A996DA4-892E-4E28-BDA4-11EB44EB272F}.Release|Any CPU.Build.0 = Release|Any CPU
		{3A996DA4-892E-4E28-BDA4-11EB44EB272F}.Release|x64.ActiveCfg = Release|x64
		{3A996DA4-892E-4E28-BDA4-11EB44EB272F}.Release|x64.Build.0 = Release|x64
	EndGlobalSection
	GlobalSection(SolutionProperties) = preSolution
		HideSolutionNode = FALSE
	EndGlobalSection
	GlobalSection(ExtensibilityGlobals) = postSolution
		SolutionGuid = {7DC23188-6D82-4BD8-88FE-1B836792FF95}
	EndGlobalSection
EndGlobal
